// !$*UTF8*$!
{
	archiveVersion = 1;
	classes = {
	};
	objectVersion = 46;
	objects = {

/* Begin PBXBuildFile section */
		9316FD0F1D30D3F7004FDE58 /* AppDelegate.swift in Sources */ = {isa = PBXBuildFile; fileRef = 9316FD0E1D30D3F7004FDE58 /* AppDelegate.swift */; };
		9316FD111D30D3F7004FDE58 /* ViewController.swift in Sources */ = {isa = PBXBuildFile; fileRef = 9316FD101D30D3F7004FDE58 /* ViewController.swift */; };
		9316FD141D30D3F7004FDE58 /* Main.storyboard in Resources */ = {isa = PBXBuildFile; fileRef = 9316FD121D30D3F7004FDE58 /* Main.storyboard */; };
		9316FD161D30D3F7004FDE58 /* Assets.xcassets in Resources */ = {isa = PBXBuildFile; fileRef = 9316FD151D30D3F7004FDE58 /* Assets.xcassets */; };
		9316FD191D30D3F7004FDE58 /* LaunchScreen.storyboard in Resources */ = {isa = PBXBuildFile; fileRef = 9316FD171D30D3F7004FDE58 /* LaunchScreen.storyboard */; };
		9319896D1D34BD7000A559A2 /* StructsEnums.swift in Sources */ = {isa = PBXBuildFile; fileRef = 9319896C1D34BD7000A559A2 /* StructsEnums.swift */; };
/* End PBXBuildFile section */

/* Begin PBXFileReference section */
		9316FD0B1D30D3F7004FDE58 /* Calculator.app */ = {isa = PBXFileReference; explicitFileType = wrapper.application; includeInIndex = 0; path = Calculator.app; sourceTree = BUILT_PRODUCTS_DIR; };
		9316FD0E1D30D3F7004FDE58 /* AppDelegate.swift */ = {isa = PBXFileReference; lastKnownFileType = sourcecode.swift; path = AppDelegate.swift; sourceTree = "<group>"; };
		9316FD101D30D3F7004FDE58 /* ViewController.swift */ = {isa = PBXFileReference; lastKnownFileType = sourcecode.swift; path = ViewController.swift; sourceTree = "<group>"; };
		9316FD131D30D3F7004FDE58 /* Base */ = {isa = PBXFileReference; lastKnownFileType = file.storyboard; name = Base; path = Base.lproj/Main.storyboard; sourceTree = "<group>"; };
		9316FD151D30D3F7004FDE58 /* Assets.xcassets */ = {isa = PBXFileReference; lastKnownFileType = folder.assetcatalog; path = Assets.xcassets; sourceTree = "<group>"; };
		9316FD181D30D3F7004FDE58 /* Base */ = {isa = PBXFileReference; lastKnownFileType = file.storyboard; name = Base; path = Base.lproj/LaunchScreen.storyboard; sourceTree = "<group>"; };
		9316FD1A1D30D3F7004FDE58 /* Info.plist */ = {isa = PBXFileReference; lastKnownFileType = text.plist.xml; path = Info.plist; sourceTree = "<group>"; };
		9319896C1D34BD7000A559A2 /* StructsEnums.swift */ = {isa = PBXFileReference; fileEncoding = 4; lastKnownFileType = sourcecode.swift; path = StructsEnums.swift; sourceTree = "<group>"; };
/* End PBXFileReference section */

/* Begin PBXFrameworksBuildPhase section */
		9316FD081D30D3F7004FDE58 /* Frameworks */ = {
			isa = PBXFrameworksBuildPhase;
			buildActionMask = 2147483647;
			files = (
			);
			runOnlyForDeploymentPostprocessing = 0;
		};
/* End PBXFrameworksBuildPhase section */

/* Begin PBXGroup section */
		9316FD021D30D3F7004FDE58 = {
			isa = PBXGroup;
			children = (
				9316FD0D1D30D3F7004FDE58 /* Calculator */,
				9316FD0C1D30D3F7004FDE58 /* Products */,
			);
			sourceTree = "<group>";
		};
		9316FD0C1D30D3F7004FDE58 /* Products */ = {
			isa = PBXGroup;
			children = (
				9316FD0B1D30D3F7004FDE58 /* Calculator.app */,
			);
			name = Products;
			sourceTree = "<group>";
		};
		9316FD0D1D30D3F7004FDE58 /* Calculator */ = {
			isa = PBXGroup;
			children = (
				9316FD0E1D30D3F7004FDE58 /* AppDelegate.swift */,
				9316FD101D30D3F7004FDE58 /* ViewController.swift */,
				9316FD121D30D3F7004FDE58 /* Main.storyboard */,
				9316FD151D30D3F7004FDE58 /* Assets.xcassets */,
				9316FD171D30D3F7004FDE58 /* LaunchScreen.storyboard */,
				9316FD1A1D30D3F7004FDE58 /* Info.plist */,
				9319896C1D34BD7000A559A2 /* StructsEnums.swift */,
			);
			path = Calculator;
			sourceTree = "<group>";
		};
/* End PBXGroup section */

/* Begin PBXNativeTarget section */
		9316FD0A1D30D3F7004FDE58 /* Calculator */ = {
			isa = PBXNativeTarget;
			buildConfigurationList = 9316FD1D1D30D3F7004FDE58 /* Build configuration list for PBXNativeTarget "Calculator" */;
			buildPhases = (
				9316FD071D30D3F7004FDE58 /* Sources */,
				9316FD081D30D3F7004FDE58 /* Frameworks */,
				9316FD091D30D3F7004FDE58 /* Resources */,
			);
			buildRules = (
			);
			dependencies = (
			);
			name = Calculator;
			productName = Calculator;
			productReference = 9316FD0B1D30D3F7004FDE58 /* Calculator.app */;
			productType = "com.apple.product-type.application";
		};
/* End PBXNativeTarget section */

/* Begin PBXProject section */
		9316FD031D30D3F7004FDE58 /* Project object */ = {
			isa = PBXProject;
			attributes = {
				LastSwiftUpdateCheck = 0800;
				LastUpgradeCheck = 0800;
				ORGANIZATIONNAME = "GK MIcro Ltd";
				TargetAttributes = {
					9316FD0A1D30D3F7004FDE58 = {
						CreatedOnToolsVersion = 8.0;
						DevelopmentTeam = 63APJ28F62;
						DevelopmentTeamName = "GK MICRO LTD";
						ProvisioningStyle = Automatic;
					};
				};
			};
			buildConfigurationList = 9316FD061D30D3F7004FDE58 /* Build configuration list for PBXProject "Calculator" */;
			compatibilityVersion = "Xcode 3.2";
			developmentRegion = English;
			hasScannedForEncodings = 0;
			knownRegions = (
				en,
				Base,
			);
			mainGroup = 9316FD021D30D3F7004FDE58;
			productRefGroup = 9316FD0C1D30D3F7004FDE58 /* Products */;
			projectDirPath = "";
			projectRoot = "";
			targets = (
				9316FD0A1D30D3F7004FDE58 /* Calculator */,
			);
		};
/* End PBXProject section */

/* Begin PBXResourcesBuildPhase section */
		9316FD091D30D3F7004FDE58 /* Resources */ = {
			isa = PBXResourcesBuildPhase;
			buildActionMask = 2147483647;
			files = (
				9316FD191D30D3F7004FDE58 /* LaunchScreen.storyboard in Resources */,
				9316FD161D30D3F7004FDE58 /* Assets.xcassets in Resources */,
				9316FD141D30D3F7004FDE58 /* Main.storyboard in Resources */,
			);
			runOnlyForDeploymentPostprocessing = 0;
		};
/* End PBXResourcesBuildPhase section */

/* Begin PBXSourcesBuildPhase section */
		9316FD071D30D3F7004FDE58 /* Sources */ = {
			isa = PBXSourcesBuildPhase;
			buildActionMask = 2147483647;
			files = (
				9319896D1D34BD7000A559A2 /* StructsEnums.swift in Sources */,
				9316FD111D30D3F7004FDE58 /* ViewController.swift in Sources */,
				9316FD0F1D30D3F7004FDE58 /* AppDelegate.swift in Sources */,
			);
			runOnlyForDeploymentPostprocessing = 0;
		};
/* End PBXSourcesBuildPhase section */

/* Begin PBXVariantGroup section */
		9316FD121D30D3F7004FDE58 /* Main.storyboard */ = {
			isa = PBXVariantGroup;
			children = (
				9316FD131D30D3F7004FDE58 /* Base */,
			);
			name = Main.storyboard;
			sourceTree = "<group>";
		};
		9316FD171D30D3F7004FDE58 /* LaunchScreen.storyboard */ = {
			isa = PBXVariantGroup;
			children = (
				9316FD181D30D3F7004FDE58 /* Base */,
			);
			name = LaunchScreen.storyboard;
			sourceTree = "<group>";
		};
/* End PBXVariantGroup section */

/* Begin XCBuildConfiguration section */
		9316FD1B1D30D3F7004FDE58 /* Debug */ = {
			isa = XCBuildConfiguration;
			buildSettings = {
				ALWAYS_SEARCH_USER_PATHS = NO;
				CLANG_ANALYZER_NONNULL = YES;
				CLANG_CXX_LANGUAGE_STANDARD = "gnu++0x";
				CLANG_CXX_LIBRARY = "libc++";
				CLANG_ENABLE_MODULES = YES;
				CLANG_ENABLE_OBJC_ARC = YES;
				CLANG_WARN_BOOL_CONVERSION = YES;
				CLANG_WARN_CONSTANT_CONVERSION = YES;
				CLANG_WARN_DIRECT_OBJC_ISA_USAGE = YES_ERROR;
				CLANG_WARN_DOCUMENTATION_COMMENTS = YES;
				CLANG_WARN_EMPTY_BODY = YES;
				CLANG_WARN_ENUM_CONVERSION = YES;
				CLANG_WARN_INT_CONVERSION = YES;
				CLANG_WARN_OBJC_ROOT_CLASS = YES_ERROR;
				CLANG_WARN_UNREACHABLE_CODE = YES;
				CLANG_WARN__DUPLICATE_METHOD_MATCH = YES;
				"CODE_SIGN_IDENTITY[sdk=iphoneos*]" = "iPhone Developer";
				COPY_PHASE_STRIP = NO;
				DEBUG_INFORMATION_FORMAT = dwarf;
				ENABLE_STRICT_OBJC_MSGSEND = YES;
				ENABLE_TESTABILITY = YES;
				GCC_C_LANGUAGE_STANDARD = gnu99;
				GCC_DYNAMIC_NO_PIC = NO;
				GCC_NO_COMMON_BLOCKS = YES;
				GCC_OPTIMIZATION_LEVEL = 0;
				GCC_PREPROCESSOR_DEFINITIONS = (
					"DEBUG=1",
					"$(inherited)",
				);
				GCC_WARN_64_TO_32_BIT_CONVERSION = YES;
				GCC_WARN_ABOUT_RETURN_TYPE = YES_ERROR;
				GCC_WARN_UNDECLARED_SELECTOR = YES;
				GCC_WARN_UNINITIALIZED_AUTOS = YES_AGGRESSIVE;
				GCC_WARN_UNUSED_FUNCTION = YES;
				GCC_WARN_UNUSED_VARIABLE = YES;
				IPHONEOS_DEPLOYMENT_TARGET = 10.0;
				MTL_ENABLE_DEBUG_INFO = YES;
				ONLY_ACTIVE_ARCH = YES;
				SDKROOT = iphoneos;
				SWIFT_ACTIVE_COMPILATION_CONDITIONS = DEBUG;
				SWIFT_OPTIMIZATION_LEVEL = "-Onone";
				TARGETED_DEVICE_FAMILY = "1,2";
			};
			name = Debug;
		};
		9316FD1C1D30D3F7004FDE58 /* Release */ = {
			isa = XCBuildConfiguration;
			buildSettings = {
				ALWAYS_SEARCH_USER_PATHS = NO;
				CLANG_ANALYZER_NONNULL = YES;
				CLANG_CXX_LANGUAGE_STANDARD = "gnu++0x";
				CLANG_CXX_LIBRARY = "libc++";
				CLANG_ENABLE_MODULES = YES;
				CLANG_ENABLE_OBJC_ARC = YES;
				CLANG_WARN_BOOL_CONVERSION = YES;
				CLANG_WARN_CONSTANT_CONVERSION = YES;
				CLANG_WARN_DIRECT_OBJC_ISA_USAGE = YES_ERROR;
				CLANG_WARN_DOCUMENTATION_COMMENTS = YES;
				CLANG_WARN_EMPTY_BODY = YES;
				CLANG_WARN_ENUM_CONVERSION = YES;
				CLANG_WARN_INT_CONVERSION = YES;
				CLANG_WARN_OBJC_ROOT_CLASS = YES_ERROR;
				CLANG_WARN_UNREACHABLE_CODE = YES;
				CLANG_WARN__DUPLICATE_METHOD_MATCH = YES;
				"CODE_SIGN_IDENTITY[sdk=iphoneos*]" = "iPhone Developer";
				COPY_PHASE_STRIP = NO;
				DEBUG_INFORMATION_FORMAT = "dwarf-with-dsym";
				ENABLE_NS_ASSERTIONS = NO;
				ENABLE_STRICT_OBJC_MSGSEND = YES;
				GCC_C_LANGUAGE_STANDARD = gnu99;
				GCC_NO_COMMON_BLOCKS = YES;
				GCC_WARN_64_TO_32_BIT_CONVERSION = YES;
				GCC_WARN_ABOUT_RETURN_TYPE = YES_ERROR;
				GCC_WARN_UNDECLARED_SELECTOR = YES;
				GCC_WARN_UNINITIALIZED_AUTOS = YES_AGGRESSIVE;
				GCC_WARN_UNUSED_FUNCTION = YES;
				GCC_WARN_UNUSED_VARIABLE = YES;
				IPHONEOS_DEPLOYMENT_TARGET = 10.0;
				MTL_ENABLE_DEBUG_INFO = NO;
				SDKROOT = iphoneos;
				SWIFT_OPTIMIZATION_LEVEL = "-Owholemodule";
				TARGETED_DEVICE_FAMILY = "1,2";
				VALIDATE_PRODUCT = YES;
			};
			name = Release;
		};
		9316FD1E1D30D3F7004FDE58 /* Debug */ = {
			isa = XCBuildConfiguration;
			buildSettings = {
				ASSETCATALOG_COMPILER_APPICON_NAME = AppIcon;
				INFOPLIST_FILE = Calculator/Info.plist;
				LD_RUNPATH_SEARCH_PATHS = "$(inherited) @executable_path/Frameworks";
				PRODUCT_BUNDLE_IDENTIFIER = com.gkmicro.Calculator;
				PRODUCT_NAME = "$(TARGET_NAME)";
				SWIFT_VERSION = 3.0;
			};
			name = Debug;
		};
		9316FD1F1D30D3F7004FDE58 /* Release */ = {
			isa = XCBuildConfiguration;
			buildSettings = {
				ASSETCATALOG_COMPILER_APPICON_NAME = AppIcon;
				INFOPLIST_FILE = Calculator/Info.plist;
				LD_RUNPATH_SEARCH_PATHS = "$(inherited) @executable_path/Frameworks";
				PRODUCT_BUNDLE_IDENTIFIER = com.gkmicro.Calculator;
				PRODUCT_NAME = "$(TARGET_NAME)";
				SWIFT_VERSION = 3.0;
			};
			name = Release;
		};
/* End XCBuildConfiguration section */

/* Begin XCConfigurationList section */
		9316FD061D30D3F7004FDE58 /* Build configuration list for PBXProject "Calculator" */ = {
			isa = XCConfigurationList;
			buildConfigurations = (
				9316FD1B1D30D3F7004FDE58 /* Debug */,
				9316FD1C1D30D3F7004FDE58 /* Release */,
			);
			defaultConfigurationIsVisible = 0;
			defaultConfigurationName = Release;
		};
		9316FD1D1D30D3F7004FDE58 /* Build configuration list for PBXNativeTarget "Calculator" */ = {
			isa = XCConfigurationList;
			buildConfigurations = (
				9316FD1E1D30D3F7004FDE58 /* Debug */,
				9316FD1F1D30D3F7004FDE58 /* Release */,
			);
			defaultConfigurationIsVisible = 0;
			defaultConfigurationName = Release;
		};
/* End XCConfigurationList section */
	};
	rootObject = 9316FD031D30D3F7004FDE58 /* Project object */;
}
